// !$*UTF8*$!
{
	archiveVersion = 1;
	classes = {
	};
	objectVersion = 46;
	objects = {

/* Begin PBXBuildFile section */
		5EC47B8A1D2E53D4000447C0 /* AppDelegate.swift in Sources */ = {isa = PBXBuildFile; fileRef = 5EC47B891D2E53D4000447C0 /* AppDelegate.swift */; };
		5EC47B8C1D2E53D4000447C0 /* ViewController.swift in Sources */ = {isa = PBXBuildFile; fileRef = 5EC47B8B1D2E53D4000447C0 /* ViewController.swift */; };
		5EC47B8F1D2E53D4000447C0 /* Main.storyboard in Resources */ = {isa = PBXBuildFile; fileRef = 5EC47B8D1D2E53D4000447C0 /* Main.storyboard */; };
		5EC47B911D2E53D4000447C0 /* Assets.xcassets in Resources */ = {isa = PBXBuildFile; fileRef = 5EC47B901D2E53D4000447C0 /* Assets.xcassets */; };
		5EC47B941D2E53D4000447C0 /* LaunchScreen.storyboard in Resources */ = {isa = PBXBuildFile; fileRef = 5EC47B921D2E53D4000447C0 /* LaunchScreen.storyboard */; };
		5EC47B9F1D2E53D5000447C0 /* countTests.swift in Sources */ = {isa = PBXBuildFile; fileRef = 5EC47B9E1D2E53D5000447C0 /* countTests.swift */; };
		5EC47BAA1D2E53D5000447C0 /* countUITests.swift in Sources */ = {isa = PBXBuildFile; fileRef = 5EC47BA91D2E53D5000447C0 /* countUITests.swift */; };
/* End PBXBuildFile section */

/* Begin PBXContainerItemProxy section */
		5EC47B9B1D2E53D5000447C0 /* PBXContainerItemProxy */ = {
			isa = PBXContainerItemProxy;
			containerPortal = 5EC47B7E1D2E53D4000447C0 /* Project object */;
			proxyType = 1;
			remoteGlobalIDString = 5EC47B851D2E53D4000447C0;
			remoteInfo = count;
		};
		5EC47BA61D2E53D5000447C0 /* PBXContainerItemProxy */ = {
			isa = PBXContainerItemProxy;
			containerPortal = 5EC47B7E1D2E53D4000447C0 /* Project object */;
			proxyType = 1;
			remoteGlobalIDString = 5EC47B851D2E53D4000447C0;
			remoteInfo = count;
		};
/* End PBXContainerItemProxy section */

/* Begin PBXFileReference section */
		5EC47B861D2E53D4000447C0 /* count.app */ = {isa = PBXFileReference; explicitFileType = wrapper.application; includeInIndex = 0; path = count.app; sourceTree = BUILT_PRODUCTS_DIR; };
		5EC47B891D2E53D4000447C0 /* AppDelegate.swift */ = {isa = PBXFileReference; lastKnownFileType = sourcecode.swift; path = AppDelegate.swift; sourceTree = "<group>"; };
		5EC47B8B1D2E53D4000447C0 /* ViewController.swift */ = {isa = PBXFileReference; lastKnownFileType = sourcecode.swift; path = ViewController.swift; sourceTree = "<group>"; };
		5EC47B8E1D2E53D4000447C0 /* Base */ = {isa = PBXFileReference; lastKnownFileType = file.storyboard; name = Base; path = Base.lproj/Main.storyboard; sourceTree = "<group>"; };
		5EC47B901D2E53D4000447C0 /* Assets.xcassets */ = {isa = PBXFileReference; lastKnownFileType = folder.assetcatalog; path = Assets.xcassets; sourceTree = "<group>"; };
		5EC47B931D2E53D4000447C0 /* Base */ = {isa = PBXFileReference; lastKnownFileType = file.storyboard; name = Base; path = Base.lproj/LaunchScreen.storyboard; sourceTree = "<group>"; };
		5EC47B951D2E53D4000447C0 /* Info.plist */ = {isa = PBXFileReference; lastKnownFileType = text.plist.xml; path = Info.plist; sourceTree = "<group>"; };
		5EC47B9A1D2E53D5000447C0 /* countTests.xctest */ = {isa = PBXFileReference; explicitFileType = wrapper.cfbundle; includeInIndex = 0; path = countTests.xctest; sourceTree = BUILT_PRODUCTS_DIR; };
		5EC47B9E1D2E53D5000447C0 /* countTests.swift */ = {isa = PBXFileReference; lastKnownFileType = sourcecode.swift; path = countTests.swift; sourceTree = "<group>"; };
		5EC47BA01D2E53D5000447C0 /* Info.plist */ = {isa = PBXFileReference; lastKnownFileType = text.plist.xml; path = Info.plist; sourceTree = "<group>"; };
		5EC47BA51D2E53D5000447C0 /* countUITests.xctest */ = {isa = PBXFileReference; explicitFileType = wrapper.cfbundle; includeInIndex = 0; path = countUITests.xctest; sourceTree = BUILT_PRODUCTS_DIR; };
		5EC47BA91D2E53D5000447C0 /* countUITests.swift */ = {isa = PBXFileReference; lastKnownFileType = sourcecode.swift; path = countUITests.swift; sourceTree = "<group>"; };
		5EC47BAB1D2E53D5000447C0 /* Info.plist */ = {isa = PBXFileReference; lastKnownFileType = text.plist.xml; path = Info.plist; sourceTree = "<group>"; };
/* End PBXFileReference section */

/* Begin PBXFrameworksBuildPhase section */
		5EC47B831D2E53D4000447C0 /* Frameworks */ = {
			isa = PBXFrameworksBuildPhase;
			buildActionMask = 2147483647;
			files = (
			);
			runOnlyForDeploymentPostprocessing = 0;
		};
		5EC47B971D2E53D5000447C0 /* Frameworks */ = {
			isa = PBXFrameworksBuildPhase;
			buildActionMask = 2147483647;
			files = (
			);
			runOnlyForDeploymentPostprocessing = 0;
		};
		5EC47BA21D2E53D5000447C0 /* Frameworks */ = {
			isa = PBXFrameworksBuildPhase;
			buildActionMask = 2147483647;
			files = (
			);
			runOnlyForDeploymentPostprocessing = 0;
		};
/* End PBXFrameworksBuildPhase section */

/* Begin PBXGroup section */
		5EC47B7D1D2E53D4000447C0 = {
			isa = PBXGroup;
			children = (
				5EC47B881D2E53D4000447C0 /* count */,
				5EC47B9D1D2E53D5000447C0 /* countTests */,
				5EC47BA81D2E53D5000447C0 /* countUITests */,
				5EC47B871D2E53D4000447C0 /* Products */,
			);
			sourceTree = "<group>";
		};
		5EC47B871D2E53D4000447C0 /* Products */ = {
			isa = PBXGroup;
			children = (
				5EC47B861D2E53D4000447C0 /* count.app */,
				5EC47B9A1D2E53D5000447C0 /* countTests.xctest */,
				5EC47BA51D2E53D5000447C0 /* countUITests.xctest */,
			);
			name = Products;
			sourceTree = "<group>";
		};
		5EC47B881D2E53D4000447C0 /* count */ = {
			isa = PBXGroup;
			children = (
				5EC47B891D2E53D4000447C0 /* AppDelegate.swift */,
				5EC47B8B1D2E53D4000447C0 /* ViewController.swift */,
				5EC47B8D1D2E53D4000447C0 /* Main.storyboard */,
				5EC47B901D2E53D4000447C0 /* Assets.xcassets */,
				5EC47B921D2E53D4000447C0 /* LaunchScreen.storyboard */,
				5EC47B951D2E53D4000447C0 /* Info.plist */,
			);
			path = count;
			sourceTree = "<group>";
		};
		5EC47B9D1D2E53D5000447C0 /* countTests */ = {
			isa = PBXGroup;
			children = (
				5EC47B9E1D2E53D5000447C0 /* countTests.swift */,
				5EC47BA01D2E53D5000447C0 /* Info.plist */,
			);
			path = countTests;
			sourceTree = "<group>";
		};
		5EC47BA81D2E53D5000447C0 /* countUITests */ = {
			isa = PBXGroup;
			children = (
				5EC47BA91D2E53D5000447C0 /* countUITests.swift */,
				5EC47BAB1D2E53D5000447C0 /* Info.plist */,
			);
			path = countUITests;
			sourceTree = "<group>";
		};
/* End PBXGroup section */

/* Begin PBXNativeTarget section */
		5EC47B851D2E53D4000447C0 /* count */ = {
			isa = PBXNativeTarget;
			buildConfigurationList = 5EC47BAE1D2E53D5000447C0 /* Build configuration list for PBXNativeTarget "count" */;
			buildPhases = (
				5EC47B821D2E53D4000447C0 /* Sources */,
				5EC47B831D2E53D4000447C0 /* Frameworks */,
				5EC47B841D2E53D4000447C0 /* Resources */,
			);
			buildRules = (
			);
			dependencies = (
			);
			name = count;
			productName = count;
			productReference = 5EC47B861D2E53D4000447C0 /* count.app */;
			productType = "com.apple.product-type.application";
		};
		5EC47B991D2E53D5000447C0 /* countTests */ = {
			isa = PBXNativeTarget;
			buildConfigurationList = 5EC47BB11D2E53D5000447C0 /* Build configuration list for PBXNativeTarget "countTests" */;
			buildPhases = (
				5EC47B961D2E53D5000447C0 /* Sources */,
				5EC47B971D2E53D5000447C0 /* Frameworks */,
				5EC47B981D2E53D5000447C0 /* Resources */,
			);
			buildRules = (
			);
			dependencies = (
				5EC47B9C1D2E53D5000447C0 /* PBXTargetDependency */,
			);
			name = countTests;
			productName = countTests;
			productReference = 5EC47B9A1D2E53D5000447C0 /* countTests.xctest */;
			productType = "com.apple.product-type.bundle.unit-test";
		};
		5EC47BA41D2E53D5000447C0 /* countUITests */ = {
			isa = PBXNativeTarget;
			buildConfigurationList = 5EC47BB41D2E53D5000447C0 /* Build configuration list for PBXNativeTarget "countUITests" */;
			buildPhases = (
				5EC47BA11D2E53D5000447C0 /* Sources */,
				5EC47BA21D2E53D5000447C0 /* Frameworks */,
				5EC47BA31D2E53D5000447C0 /* Resources */,
			);
			buildRules = (
			);
			dependencies = (
				5EC47BA71D2E53D5000447C0 /* PBXTargetDependency */,
			);
			name = countUITests;
			productName = countUITests;
			productReference = 5EC47BA51D2E53D5000447C0 /* countUITests.xctest */;
			productType = "com.apple.product-type.bundle.ui-testing";
		};
/* End PBXNativeTarget section */

/* Begin PBXProject section */
		5EC47B7E1D2E53D4000447C0 /* Project object */ = {
			isa = PBXProject;
			attributes = {
				LastSwiftUpdateCheck = 0730;
				LastUpgradeCheck = 0730;
				ORGANIZATIONNAME = "小西夏穂";
				TargetAttributes = {
					5EC47B851D2E53D4000447C0 = {
						CreatedOnToolsVersion = 7.3.1;
						DevelopmentTeam = QB37YPBUCJ;
					};
					5EC47B991D2E53D5000447C0 = {
						CreatedOnToolsVersion = 7.3.1;
						DevelopmentTeam = QB37YPBUCJ;
						TestTargetID = 5EC47B851D2E53D4000447C0;
					};
					5EC47BA41D2E53D5000447C0 = {
						CreatedOnToolsVersion = 7.3.1;
						DevelopmentTeam = QB37YPBUCJ;
						TestTargetID = 5EC47B851D2E53D4000447C0;
					};
				};
			};
			buildConfigurationList = 5EC47B811D2E53D4000447C0 /* Build configuration list for PBXProject "count" */;
			compatibilityVersion = "Xcode 3.2";
			developmentRegion = English;
			hasScannedForEncodings = 0;
			knownRegions = (
				en,
				Base,
			);
			mainGroup = 5EC47B7D1D2E53D4000447C0;
			productRefGroup = 5EC47B871D2E53D4000447C0 /* Products */;
			projectDirPath = "";
			projectRoot = "";
			targets = (
				5EC47B851D2E53D4000447C0 /* count */,
				5EC47B991D2E53D5000447C0 /* countTests */,
				5EC47BA41D2E53D5000447C0 /* countUITests */,
			);
		};
/* End PBXProject section */

/* Begin PBXResourcesBuildPhase section */
		5EC47B841D2E53D4000447C0 /* Resources */ = {
			isa = PBXResourcesBuildPhase;
			buildActionMask = 2147483647;
			files = (
				5EC47B941D2E53D4000447C0 /* LaunchScreen.storyboard in Resources */,
				5EC47B911D2E53D4000447C0 /* Assets.xcassets in Resources */,
				5EC47B8F1D2E53D4000447C0 /* Main.storyboard in Resources */,
			);
			runOnlyForDeploymentPostprocessing = 0;
		};
		5EC47B981D2E53D5000447C0 /* Resources */ = {
			isa = PBXResourcesBuildPhase;
			buildActionMask = 2147483647;
			files = (
			);
			runOnlyForDeploymentPostprocessing = 0;
		};
		5EC47BA31D2E53D5000447C0 /* Resources */ = {
			isa = PBXResourcesBuildPhase;
			buildActionMask = 2147483647;
			files = (
			);
			runOnlyForDeploymentPostprocessing = 0;
		};
/* End PBXResourcesBuildPhase section */

/* Begin PBXSourcesBuildPhase section */
		5EC47B821D2E53D4000447C0 /* Sources */ = {
			isa = PBXSourcesBuildPhase;
			buildActionMask = 2147483647;
			files = (
				5EC47B8C1D2E53D4000447C0 /* ViewController.swift in Sources */,
				5EC47B8A1D2E53D4000447C0 /* AppDelegate.swift in Sources */,
			);
			runOnlyForDeploymentPostprocessing = 0;
		};
		5EC47B961D2E53D5000447C0 /* Sources */ = {
			isa = PBXSourcesBuildPhase;
			buildActionMask = 2147483647;
			files = (
				5EC47B9F1D2E53D5000447C0 /* countTests.swift in Sources */,
			);
			runOnlyForDeploymentPostprocessing = 0;
		};
		5EC47BA11D2E53D5000447C0 /* Sources */ = {
			isa = PBXSourcesBuildPhase;
			buildActionMask = 2147483647;
			files = (
				5EC47BAA1D2E53D5000447C0 /* countUITests.swift in Sources */,
			);
			runOnlyForDeploymentPostprocessing = 0;
		};
/* End PBXSourcesBuildPhase section */

/* Begin PBXTargetDependency section */
		5EC47B9C1D2E53D5000447C0 /* PBXTargetDependency */ = {
			isa = PBXTargetDependency;
			target = 5EC47B851D2E53D4000447C0 /* count */;
			targetProxy = 5EC47B9B1D2E53D5000447C0 /* PBXContainerItemProxy */;
		};
		5EC47BA71D2E53D5000447C0 /* PBXTargetDependency */ = {
			isa = PBXTargetDependency;
			target = 5EC47B851D2E53D4000447C0 /* count */;
			targetProxy = 5EC47BA61D2E53D5000447C0 /* PBXContainerItemProxy */;
		};
/* End PBXTargetDependency section */

/* Begin PBXVariantGroup section */
		5EC47B8D1D2E53D4000447C0 /* Main.storyboard */ = {
			isa = PBXVariantGroup;
			children = (
				5EC47B8E1D2E53D4000447C0 /* Base */,
			);
			name = Main.storyboard;
			sourceTree = "<group>";
		};
		5EC47B921D2E53D4000447C0 /* LaunchScreen.storyboard */ = {
			isa = PBXVariantGroup;
			children = (
				5EC47B931D2E53D4000447C0 /* Base */,
			);
			name = LaunchScreen.storyboard;
			sourceTree = "<group>";
		};
/* End PBXVariantGroup section */

/* Begin XCBuildConfiguration section */
		5EC47BAC1D2E53D5000447C0 /* Debug */ = {
			isa = XCBuildConfiguration;
			buildSettings = {
				ALWAYS_SEARCH_USER_PATHS = NO;
				CLANG_ANALYZER_NONNULL = YES;
				CLANG_CXX_LANGUAGE_STANDARD = "gnu++0x";
				CLANG_CXX_LIBRARY = "libc++";
				CLANG_ENABLE_MODULES = YES;
				CLANG_ENABLE_OBJC_ARC = YES;
				CLANG_WARN_BOOL_CONVERSION = YES;
				CLANG_WARN_CONSTANT_CONVERSION = YES;
				CLANG_WARN_DIRECT_OBJC_ISA_USAGE = YES_ERROR;
				CLANG_WARN_EMPTY_BODY = YES;
				CLANG_WARN_ENUM_CONVERSION = YES;
				CLANG_WARN_INT_CONVERSION = YES;
				CLANG_WARN_OBJC_ROOT_CLASS = YES_ERROR;
				CLANG_WARN_UNREACHABLE_CODE = YES;
				CLANG_WARN__DUPLICATE_METHOD_MATCH = YES;
				"CODE_SIGN_IDENTITY[sdk=iphoneos*]" = "iPhone Developer";
				COPY_PHASE_STRIP = NO;
				DEBUG_INFORMATION_FORMAT = dwarf;
				ENABLE_STRICT_OBJC_MSGSEND = YES;
				ENABLE_TESTABILITY = YES;
				GCC_C_LANGUAGE_STANDARD = gnu99;
				GCC_DYNAMIC_NO_PIC = NO;
				GCC_NO_COMMON_BLOCKS = YES;
				GCC_OPTIMIZATION_LEVEL = 0;
				GCC_PREPROCESSOR_DEFINITIONS = (
					"DEBUG=1",
					"$(inherited)",
				);
				GCC_WARN_64_TO_32_BIT_CONVERSION = YES;
				GCC_WARN_ABOUT_RETURN_TYPE = YES_ERROR;
				GCC_WARN_UNDECLARED_SELECTOR = YES;
				GCC_WARN_UNINITIALIZED_AUTOS = YES_AGGRESSIVE;
				GCC_WARN_UNUSED_FUNCTION = YES;
				GCC_WARN_UNUSED_VARIABLE = YES;
				IPHONEOS_DEPLOYMENT_TARGET = 9.3;
				MTL_ENABLE_DEBUG_INFO = YES;
				ONLY_ACTIVE_ARCH = YES;
				SDKROOT = iphoneos;
				SWIFT_OPTIMIZATION_LEVEL = "-Onone";
			};
			name = Debug;
		};
		5EC47BAD1D2E53D5000447C0 /* Release */ = {
			isa = XCBuildConfiguration;
			buildSettings = {
				ALWAYS_SEARCH_USER_PATHS = NO;
				CLANG_ANALYZER_NONNULL = YES;
				CLANG_CXX_LANGUAGE_STANDARD = "gnu++0x";
				CLANG_CXX_LIBRARY = "libc++";
				CLANG_ENABLE_MODULES = YES;
				CLANG_ENABLE_OBJC_ARC = YES;
				CLANG_WARN_BOOL_CONVERSION = YES;
				CLANG_WARN_CONSTANT_CONVERSION = YES;
				CLANG_WARN_DIRECT_OBJC_ISA_USAGE = YES_ERROR;
				CLANG_WARN_EMPTY_BODY = YES;
				CLANG_WARN_ENUM_CONVERSION = YES;
				CLANG_WARN_INT_CONVERSION = YES;
				CLANG_WARN_OBJC_ROOT_CLASS = YES_ERROR;
				CLANG_WARN_UNREACHABLE_CODE = YES;
				CLANG_WARN__DUPLICATE_METHOD_MATCH = YES;
				"CODE_SIGN_IDENTITY[sdk=iphoneos*]" = "iPhone Developer";
				COPY_PHASE_STRIP = NO;
				DEBUG_INFORMATION_FORMAT = "dwarf-with-dsym";
				ENABLE_NS_ASSERTIONS = NO;
				ENABLE_STRICT_OBJC_MSGSEND = YES;
				GCC_C_LANGUAGE_STANDARD = gnu99;
				GCC_NO_COMMON_BLOCKS = YES;
				GCC_WARN_64_TO_32_BIT_CONVERSION = YES;
				GCC_WARN_ABOUT_RETURN_TYPE = YES_ERROR;
				GCC_WARN_UNDECLARED_SELECTOR = YES;
				GCC_WARN_UNINITIALIZED_AUTOS = YES_AGGRESSIVE;
				GCC_WARN_UNUSED_FUNCTION = YES;
				GCC_WARN_UNUSED_VARIABLE = YES;
				IPHONEOS_DEPLOYMENT_TARGET = 9.3;
				MTL_ENABLE_DEBUG_INFO = NO;
				SDKROOT = iphoneos;
				VALIDATE_PRODUCT = YES;
			};
			name = Release;
		};
		5EC47BAF1D2E53D5000447C0 /* Debug */ = {
			isa = XCBuildConfiguration;
			buildSettings = {
				ASSETCATALOG_COMPILER_APPICON_NAME = AppIcon;
				INFOPLIST_FILE = count/Info.plist;
				LD_RUNPATH_SEARCH_PATHS = "$(inherited) @executable_path/Frameworks";
				PRODUCT_BUNDLE_IDENTIFIER = com.litech.count;
				PRODUCT_NAME = "$(TARGET_NAME)";
			};
			name = Debug;
		};
		5EC47BB01D2E53D5000447C0 /* Release */ = {
			isa = XCBuildConfiguration;
			buildSettings = {
				ASSETCATALOG_COMPILER_APPICON_NAME = AppIcon;
				INFOPLIST_FILE = count/Info.plist;
				LD_RUNPATH_SEARCH_PATHS = "$(inherited) @executable_path/Frameworks";
				PRODUCT_BUNDLE_IDENTIFIER = com.litech.count;
				PRODUCT_NAME = "$(TARGET_NAME)";
			};
			name = Release;
		};
		5EC47BB21D2E53D5000447C0 /* Debug */ = {
			isa = XCBuildConfiguration;
			buildSettings = {
				BUNDLE_LOADER = "$(TEST_HOST)";
				INFOPLIST_FILE = countTests/Info.plist;
				LD_RUNPATH_SEARCH_PATHS = "$(inherited) @executable_path/Frameworks @loader_path/Frameworks";
				PRODUCT_BUNDLE_IDENTIFIER = com.litech.countTests;
				PRODUCT_NAME = "$(TARGET_NAME)";
				TEST_HOST = "$(BUILT_PRODUCTS_DIR)/count.app/count";
			};
			name = Debug;
		};
		5EC47BB31D2E53D5000447C0 /* Release */ = {
			isa = XCBuildConfiguration;
			buildSettings = {
				BUNDLE_LOADER = "$(TEST_HOST)";
				INFOPLIST_FILE = countTests/Info.plist;
				LD_RUNPATH_SEARCH_PATHS = "$(inherited) @executable_path/Frameworks @loader_path/Frameworks";
				PRODUCT_BUNDLE_IDENTIFIER = com.litech.countTests;
				PRODUCT_NAME = "$(TARGET_NAME)";
				TEST_HOST = "$(BUILT_PRODUCTS_DIR)/count.app/count";
			};
			name = Release;
		};
		5EC47BB51D2E53D5000447C0 /* Debug */ = {
			isa = XCBuildConfiguration;
			buildSettings = {
				INFOPLIST_FILE = countUITests/Info.plist;
				LD_RUNPATH_SEARCH_PATHS = "$(inherited) @executable_path/Frameworks @loader_path/Frameworks";
				PRODUCT_BUNDLE_IDENTIFIER = com.litech.countUITests;
				PRODUCT_NAME = "$(TARGET_NAME)";
				TEST_TARGET_NAME = count;
			};
			name = Debug;
		};
		5EC47BB61D2E53D5000447C0 /* Release */ = {
			isa = XCBuildConfiguration;
			buildSettings = {
				INFOPLIST_FILE = countUITests/Info.plist;
				LD_RUNPATH_SEARCH_PATHS = "$(inherited) @executable_path/Frameworks @loader_path/Frameworks";
				PRODUCT_BUNDLE_IDENTIFIER = com.litech.countUITests;
				PRODUCT_NAME = "$(TARGET_NAME)";
				TEST_TARGET_NAME = count;
			};
			name = Release;
		};
/* End XCBuildConfiguration section */

/* Begin XCConfigurationList section */
		5EC47B811D2E53D4000447C0 /* Build configuration list for PBXProject "count" */ = {
			isa = XCConfigurationList;
			buildConfigurations = (
				5EC47BAC1D2E53D5000447C0 /* Debug */,
				5EC47BAD1D2E53D5000447C0 /* Release */,
			);
			defaultConfigurationIsVisible = 0;
			defaultConfigurationName = Release;
		};
		5EC47BAE1D2E53D5000447C0 /* Build configuration list for PBXNativeTarget "count" */ = {
			isa = XCConfigurationList;
			buildConfigurations = (
				5EC47BAF1D2E53D5000447C0 /* Debug */,
				5EC47BB01D2E53D5000447C0 /* Release */,
			);
			defaultConfigurationIsVisible = 0;
		};
		5EC47BB11D2E53D5000447C0 /* Build configuration list for PBXNativeTarget "countTests" */ = {
			isa = XCConfigurationList;
			buildConfigurations = (
				5EC47BB21D2E53D5000447C0 /* Debug */,
				5EC47BB31D2E53D5000447C0 /* Release */,
			);
			defaultConfigurationIsVisible = 0;
		};
		5EC47BB41D2E53D5000447C0 /* Build configuration list for PBXNativeTarget "countUITests" */ = {
			isa = XCConfigurationList;
			buildConfigurations = (
				5EC47BB51D2E53D5000447C0 /* Debug */,
				5EC47BB61D2E53D5000447C0 /* Release */,
			);
			defaultConfigurationIsVisible = 0;
		};
/* End XCConfigurationList section */
	};
	rootObject = 5EC47B7E1D2E53D4000447C0 /* Project object */;
}
